// !$*UTF8*$!
{
	archiveVersion = 1;
	classes = {
	};
	objectVersion = 50;
	objects = {

/* Begin PBXBuildFile section */
		CBB61BB224CD27E9004E3B34 /* AppDelegate.swift in Sources */ = {isa = PBXBuildFile; fileRef = CBB61BB124CD27E9004E3B34 /* AppDelegate.swift */; };
		CBB61BB424CD27E9004E3B34 /* SceneDelegate.swift in Sources */ = {isa = PBXBuildFile; fileRef = CBB61BB324CD27E9004E3B34 /* SceneDelegate.swift */; };
		CBB61BB824CD27EA004E3B34 /* Assets.xcassets in Resources */ = {isa = PBXBuildFile; fileRef = CBB61BB724CD27EA004E3B34 /* Assets.xcassets */; };
		CBB61BBB24CD27EA004E3B34 /* Preview Assets.xcassets in Resources */ = {isa = PBXBuildFile; fileRef = CBB61BBA24CD27EA004E3B34 /* Preview Assets.xcassets */; };
		CBB61BBE24CD27EA004E3B34 /* LaunchScreen.storyboard in Resources */ = {isa = PBXBuildFile; fileRef = CBB61BBC24CD27EA004E3B34 /* LaunchScreen.storyboard */; };
		CBB61BC724CD27F5004E3B34 /* SearchView.framework in Frameworks */ = {isa = PBXBuildFile; fileRef = CBB61BC624CD27F5004E3B34 /* SearchView.framework */; };
		CBB61BC824CD27F5004E3B34 /* SearchView.framework in Embed Frameworks */ = {isa = PBXBuildFile; fileRef = CBB61BC624CD27F5004E3B34 /* SearchView.framework */; settings = {ATTRIBUTES = (CodeSignOnCopy, RemoveHeadersOnCopy, ); }; };
		CBB61BCF24CD2813004E3B34 /* countryCodes.json in Resources */ = {isa = PBXBuildFile; fileRef = CBB61BCB24CD2813004E3B34 /* countryCodes.json */; };
		CBB61BD024CD2813004E3B34 /* Country.swift in Sources */ = {isa = PBXBuildFile; fileRef = CBB61BCC24CD2813004E3B34 /* Country.swift */; };
		CBB61BD124CD2813004E3B34 /* CountryView.swift in Sources */ = {isa = PBXBuildFile; fileRef = CBB61BCD24CD2813004E3B34 /* CountryView.swift */; };
		CBB61BD224CD2813004E3B34 /* HomeView.swift in Sources */ = {isa = PBXBuildFile; fileRef = CBB61BCE24CD2813004E3B34 /* HomeView.swift */; };
		CBB61BD424CD28B9004E3B34 /* Extensions.swift in Sources */ = {isa = PBXBuildFile; fileRef = CBB61BD324CD28B9004E3B34 /* Extensions.swift */; };
/* End PBXBuildFile section */

/* Begin PBXCopyFilesBuildPhase section */
		CBB61BC924CD27F5004E3B34 /* Embed Frameworks */ = {
			isa = PBXCopyFilesBuildPhase;
			buildActionMask = 2147483647;
			dstPath = "";
			dstSubfolderSpec = 10;
			files = (
				CBB61BC824CD27F5004E3B34 /* SearchView.framework in Embed Frameworks */,
			);
			name = "Embed Frameworks";
			runOnlyForDeploymentPostprocessing = 0;
		};
/* End PBXCopyFilesBuildPhase section */

/* Begin PBXFileReference section */
		CBB61BAE24CD27E9004E3B34 /* Example.app */ = {isa = PBXFileReference; explicitFileType = wrapper.application; includeInIndex = 0; path = Example.app; sourceTree = BUILT_PRODUCTS_DIR; };
		CBB61BB124CD27E9004E3B34 /* AppDelegate.swift */ = {isa = PBXFileReference; lastKnownFileType = sourcecode.swift; path = AppDelegate.swift; sourceTree = "<group>"; };
		CBB61BB324CD27E9004E3B34 /* SceneDelegate.swift */ = {isa = PBXFileReference; lastKnownFileType = sourcecode.swift; path = SceneDelegate.swift; sourceTree = "<group>"; };
		CBB61BB724CD27EA004E3B34 /* Assets.xcassets */ = {isa = PBXFileReference; lastKnownFileType = folder.assetcatalog; path = Assets.xcassets; sourceTree = "<group>"; };
		CBB61BBA24CD27EA004E3B34 /* Preview Assets.xcassets */ = {isa = PBXFileReference; lastKnownFileType = folder.assetcatalog; path = "Preview Assets.xcassets"; sourceTree = "<group>"; };
		CBB61BBD24CD27EA004E3B34 /* Base */ = {isa = PBXFileReference; lastKnownFileType = file.storyboard; name = Base; path = Base.lproj/LaunchScreen.storyboard; sourceTree = "<group>"; };
		CBB61BBF24CD27EA004E3B34 /* Info.plist */ = {isa = PBXFileReference; lastKnownFileType = text.plist.xml; path = Info.plist; sourceTree = "<group>"; };
		CBB61BC624CD27F5004E3B34 /* SearchView.framework */ = {isa = PBXFileReference; lastKnownFileType = wrapper.framework; path = SearchView.framework; sourceTree = BUILT_PRODUCTS_DIR; };
		CBB61BCB24CD2813004E3B34 /* countryCodes.json */ = {isa = PBXFileReference; fileEncoding = 4; lastKnownFileType = text.json; path = countryCodes.json; sourceTree = "<group>"; };
		CBB61BCC24CD2813004E3B34 /* Country.swift */ = {isa = PBXFileReference; fileEncoding = 4; lastKnownFileType = sourcecode.swift; path = Country.swift; sourceTree = "<group>"; };
		CBB61BCD24CD2813004E3B34 /* CountryView.swift */ = {isa = PBXFileReference; fileEncoding = 4; lastKnownFileType = sourcecode.swift; path = CountryView.swift; sourceTree = "<group>"; };
		CBB61BCE24CD2813004E3B34 /* HomeView.swift */ = {isa = PBXFileReference; fileEncoding = 4; lastKnownFileType = sourcecode.swift; path = HomeView.swift; sourceTree = "<group>"; };
		CBB61BD324CD28B9004E3B34 /* Extensions.swift */ = {isa = PBXFileReference; fileEncoding = 4; lastKnownFileType = sourcecode.swift; path = Extensions.swift; sourceTree = "<group>"; };
/* End PBXFileReference section */

/* Begin PBXFrameworksBuildPhase section */
		CBB61BAB24CD27E9004E3B34 /* Frameworks */ = {
			isa = PBXFrameworksBuildPhase;
			buildActionMask = 2147483647;
			files = (
				CBB61BC724CD27F5004E3B34 /* SearchView.framework in Frameworks */,
			);
			runOnlyForDeploymentPostprocessing = 0;
		};
/* End PBXFrameworksBuildPhase section */

/* Begin PBXGroup section */
		CBB61BA524CD27E9004E3B34 = {
			isa = PBXGroup;
			children = (
				CBB61BB024CD27E9004E3B34 /* Example */,
				CBB61BAF24CD27E9004E3B34 /* Products */,
				CBB61BC524CD27F5004E3B34 /* Frameworks */,
			);
			sourceTree = "<group>";
		};
		CBB61BAF24CD27E9004E3B34 /* Products */ = {
			isa = PBXGroup;
			children = (
				CBB61BAE24CD27E9004E3B34 /* Example.app */,
			);
			name = Products;
			sourceTree = "<group>";
		};
		CBB61BB024CD27E9004E3B34 /* Example */ = {
			isa = PBXGroup;
			children = (
				CBB61BB124CD27E9004E3B34 /* AppDelegate.swift */,
				CBB61BB324CD27E9004E3B34 /* SceneDelegate.swift */,
				CBB61BCE24CD2813004E3B34 /* HomeView.swift */,
				CBB61BCD24CD2813004E3B34 /* CountryView.swift */,
				CBB61BD324CD28B9004E3B34 /* Extensions.swift */,
				CBB61BCA24CD2813004E3B34 /* Country */,
				CBB61BB724CD27EA004E3B34 /* Assets.xcassets */,
				CBB61BBC24CD27EA004E3B34 /* LaunchScreen.storyboard */,
				CBB61BBF24CD27EA004E3B34 /* Info.plist */,
				CBB61BB924CD27EA004E3B34 /* Preview Content */,
			);
			path = Example;
			sourceTree = "<group>";
		};
		CBB61BB924CD27EA004E3B34 /* Preview Content */ = {
			isa = PBXGroup;
			children = (
				CBB61BBA24CD27EA004E3B34 /* Preview Assets.xcassets */,
			);
			path = "Preview Content";
			sourceTree = "<group>";
		};
		CBB61BC524CD27F5004E3B34 /* Frameworks */ = {
			isa = PBXGroup;
			children = (
				CBB61BC624CD27F5004E3B34 /* SearchView.framework */,
			);
			name = Frameworks;
			sourceTree = "<group>";
		};
		CBB61BCA24CD2813004E3B34 /* Country */ = {
			isa = PBXGroup;
			children = (
				CBB61BCC24CD2813004E3B34 /* Country.swift */,
				CBB61BCB24CD2813004E3B34 /* countryCodes.json */,
			);
			path = Country;
			sourceTree = "<group>";
		};
/* End PBXGroup section */

/* Begin PBXNativeTarget section */
		CBB61BAD24CD27E9004E3B34 /* Example */ = {
			isa = PBXNativeTarget;
			buildConfigurationList = CBB61BC224CD27EA004E3B34 /* Build configuration list for PBXNativeTarget "Example" */;
			buildPhases = (
				CBB61BAA24CD27E9004E3B34 /* Sources */,
				CBB61BAB24CD27E9004E3B34 /* Frameworks */,
				CBB61BAC24CD27E9004E3B34 /* Resources */,
				CBB61BC924CD27F5004E3B34 /* Embed Frameworks */,
			);
			buildRules = (
			);
			dependencies = (
			);
			name = Example;
			productName = Example;
			productReference = CBB61BAE24CD27E9004E3B34 /* Example.app */;
			productType = "com.apple.product-type.application";
		};
/* End PBXNativeTarget section */

/* Begin PBXProject section */
		CBB61BA624CD27E9004E3B34 /* Project object */ = {
			isa = PBXProject;
			attributes = {
				LastSwiftUpdateCheck = 1160;
				LastUpgradeCheck = 1160;
				ORGANIZATIONNAME = "Abdullah Alhaider";
				TargetAttributes = {
					CBB61BAD24CD27E9004E3B34 = {
						CreatedOnToolsVersion = 11.6;
					};
				};
			};
			buildConfigurationList = CBB61BA924CD27E9004E3B34 /* Build configuration list for PBXProject "Example" */;
			compatibilityVersion = "Xcode 9.3";
			developmentRegion = en;
			hasScannedForEncodings = 0;
			knownRegions = (
				en,
				Base,
			);
			mainGroup = CBB61BA524CD27E9004E3B34;
			productRefGroup = CBB61BAF24CD27E9004E3B34 /* Products */;
			projectDirPath = "";
			projectRoot = "";
			targets = (
				CBB61BAD24CD27E9004E3B34 /* Example */,
			);
		};
/* End PBXProject section */

/* Begin PBXResourcesBuildPhase section */
		CBB61BAC24CD27E9004E3B34 /* Resources */ = {
			isa = PBXResourcesBuildPhase;
			buildActionMask = 2147483647;
			files = (
				CBB61BBE24CD27EA004E3B34 /* LaunchScreen.storyboard in Resources */,
				CBB61BBB24CD27EA004E3B34 /* Preview Assets.xcassets in Resources */,
				CBB61BB824CD27EA004E3B34 /* Assets.xcassets in Resources */,
				CBB61BCF24CD2813004E3B34 /* countryCodes.json in Resources */,
			);
			runOnlyForDeploymentPostprocessing = 0;
		};
/* End PBXResourcesBuildPhase section */

/* Begin PBXSourcesBuildPhase section */
		CBB61BAA24CD27E9004E3B34 /* Sources */ = {
			isa = PBXSourcesBuildPhase;
			buildActionMask = 2147483647;
			files = (
				CBB61BD124CD2813004E3B34 /* CountryView.swift in Sources */,
				CBB61BD424CD28B9004E3B34 /* Extensions.swift in Sources */,
				CBB61BD024CD2813004E3B34 /* Country.swift in Sources */,
				CBB61BB224CD27E9004E3B34 /* AppDelegate.swift in Sources */,
				CBB61BD224CD2813004E3B34 /* HomeView.swift in Sources */,
				CBB61BB424CD27E9004E3B34 /* SceneDelegate.swift in Sources */,
			);
			runOnlyForDeploymentPostprocessing = 0;
		};
/* End PBXSourcesBuildPhase section */

/* Begin PBXVariantGroup section */
		CBB61BBC24CD27EA004E3B34 /* LaunchScreen.storyboard */ = {
			isa = PBXVariantGroup;
			children = (
				CBB61BBD24CD27EA004E3B34 /* Base */,
			);
			name = LaunchScreen.storyboard;
			sourceTree = "<group>";
		};
/* End PBXVariantGroup section */

/* Begin XCBuildConfiguration section */
		CBB61BC024CD27EA004E3B34 /* Debug */ = {
			isa = XCBuildConfiguration;
			buildSettings = {
				ALWAYS_SEARCH_USER_PATHS = NO;
				CLANG_ANALYZER_NONNULL = YES;
				CLANG_ANALYZER_NUMBER_OBJECT_CONVERSION = YES_AGGRESSIVE;
				CLANG_CXX_LANGUAGE_STANDARD = "gnu++14";
				CLANG_CXX_LIBRARY = "libc++";
				CLANG_ENABLE_MODULES = YES;
				CLANG_ENABLE_OBJC_ARC = YES;
				CLANG_ENABLE_OBJC_WEAK = YES;
				CLANG_WARN_BLOCK_CAPTURE_AUTORELEASING = YES;
				CLANG_WARN_BOOL_CONVERSION = YES;
				CLANG_WARN_COMMA = YES;
				CLANG_WARN_CONSTANT_CONVERSION = YES;
				CLANG_WARN_DEPRECATED_OBJC_IMPLEMENTATIONS = YES;
				CLANG_WARN_DIRECT_OBJC_ISA_USAGE = YES_ERROR;
				CLANG_WARN_DOCUMENTATION_COMMENTS = YES;
				CLANG_WARN_EMPTY_BODY = YES;
				CLANG_WARN_ENUM_CONVERSION = YES;
				CLANG_WARN_INFINITE_RECURSION = YES;
				CLANG_WARN_INT_CONVERSION = YES;
				CLANG_WARN_NON_LITERAL_NULL_CONVERSION = YES;
				CLANG_WARN_OBJC_IMPLICIT_RETAIN_SELF = YES;
				CLANG_WARN_OBJC_LITERAL_CONVERSION = YES;
				CLANG_WARN_OBJC_ROOT_CLASS = YES_ERROR;
				CLANG_WARN_RANGE_LOOP_ANALYSIS = YES;
				CLANG_WARN_STRICT_PROTOTYPES = YES;
				CLANG_WARN_SUSPICIOUS_MOVE = YES;
				CLANG_WARN_UNGUARDED_AVAILABILITY = YES_AGGRESSIVE;
				CLANG_WARN_UNREACHABLE_CODE = YES;
				CLANG_WARN__DUPLICATE_METHOD_MATCH = YES;
				COPY_PHASE_STRIP = NO;
				DEBUG_INFORMATION_FORMAT = dwarf;
				ENABLE_STRICT_OBJC_MSGSEND = YES;
				ENABLE_TESTABILITY = YES;
				GCC_C_LANGUAGE_STANDARD = gnu11;
				GCC_DYNAMIC_NO_PIC = NO;
				GCC_NO_COMMON_BLOCKS = YES;
				GCC_OPTIMIZATION_LEVEL = 0;
				GCC_PREPROCESSOR_DEFINITIONS = (
					"DEBUG=1",
					"$(inherited)",
				);
				GCC_WARN_64_TO_32_BIT_CONVERSION = YES;
				GCC_WARN_ABOUT_RETURN_TYPE = YES_ERROR;
				GCC_WARN_UNDECLARED_SELECTOR = YES;
				GCC_WARN_UNINITIALIZED_AUTOS = YES_AGGRESSIVE;
				GCC_WARN_UNUSED_FUNCTION = YES;
				GCC_WARN_UNUSED_VARIABLE = YES;
				IPHONEOS_DEPLOYMENT_TARGET = 13.6;
				MTL_ENABLE_DEBUG_INFO = INCLUDE_SOURCE;
				MTL_FAST_MATH = YES;
				ONLY_ACTIVE_ARCH = YES;
				SDKROOT = iphoneos;
				SWIFT_ACTIVE_COMPILATION_CONDITIONS = DEBUG;
				SWIFT_OPTIMIZATION_LEVEL = "-Onone";
			};
			name = Debug;
		};
		CBB61BC124CD27EA004E3B34 /* Release */ = {
			isa = XCBuildConfiguration;
			buildSettings = {
				ALWAYS_SEARCH_USER_PATHS = NO;
				CLANG_ANALYZER_NONNULL = YES;
				CLANG_ANALYZER_NUMBER_OBJECT_CONVERSION = YES_AGGRESSIVE;
				CLANG_CXX_LANGUAGE_STANDARD = "gnu++14";
				CLANG_CXX_LIBRARY = "libc++";
				CLANG_ENABLE_MODULES = YES;
				CLANG_ENABLE_OBJC_ARC = YES;
				CLANG_ENABLE_OBJC_WEAK = YES;
				CLANG_WARN_BLOCK_CAPTURE_AUTORELEASING = YES;
				CLANG_WARN_BOOL_CONVERSION = YES;
				CLANG_WARN_COMMA = YES;
				CLANG_WARN_CONSTANT_CONVERSION = YES;
				CLANG_WARN_DEPRECATED_OBJC_IMPLEMENTATIONS = YES;
				CLANG_WARN_DIRECT_OBJC_ISA_USAGE = YES_ERROR;
				CLANG_WARN_DOCUMENTATION_COMMENTS = YES;
				CLANG_WARN_EMPTY_BODY = YES;
				CLANG_WARN_ENUM_CONVERSION = YES;
				CLANG_WARN_INFINITE_RECURSION = YES;
				CLANG_WARN_INT_CONVERSION = YES;
				CLANG_WARN_NON_LITERAL_NULL_CONVERSION = YES;
				CLANG_WARN_OBJC_IMPLICIT_RETAIN_SELF = YES;
				CLANG_WARN_OBJC_LITERAL_CONVERSION = YES;
				CLANG_WARN_OBJC_ROOT_CLASS = YES_ERROR;
				CLANG_WARN_RANGE_LOOP_ANALYSIS = YES;
				CLANG_WARN_STRICT_PROTOTYPES = YES;
				CLANG_WARN_SUSPICIOUS_MOVE = YES;
				CLANG_WARN_UNGUARDED_AVAILABILITY = YES_AGGRESSIVE;
				CLANG_WARN_UNREACHABLE_CODE = YES;
				CLANG_WARN__DUPLICATE_METHOD_MATCH = YES;
				COPY_PHASE_STRIP = NO;
				DEBUG_INFORMATION_FORMAT = "dwarf-with-dsym";
				ENABLE_NS_ASSERTIONS = NO;
				ENABLE_STRICT_OBJC_MSGSEND = YES;
				GCC_C_LANGUAGE_STANDARD = gnu11;
				GCC_NO_COMMON_BLOCKS = YES;
				GCC_WARN_64_TO_32_BIT_CONVERSION = YES;
				GCC_WARN_ABOUT_RETURN_TYPE = YES_ERROR;
				GCC_WARN_UNDECLARED_SELECTOR = YES;
				GCC_WARN_UNINITIALIZED_AUTOS = YES_AGGRESSIVE;
				GCC_WARN_UNUSED_FUNCTION = YES;
				GCC_WARN_UNUSED_VARIABLE = YES;
				IPHONEOS_DEPLOYMENT_TARGET = 13.6;
				MTL_ENABLE_DEBUG_INFO = NO;
				MTL_FAST_MATH = YES;
				SDKROOT = iphoneos;
				SWIFT_COMPILATION_MODE = wholemodule;
				SWIFT_OPTIMIZATION_LEVEL = "-O";
				VALIDATE_PRODUCT = YES;
			};
			name = Release;
		};
		CBB61BC324CD27EA004E3B34 /* Debug */ = {
			isa = XCBuildConfiguration;
			buildSettings = {
				ASSETCATALOG_COMPILER_APPICON_NAME = AppIcon;
				CODE_SIGN_STYLE = Automatic;
				DEVELOPMENT_ASSET_PATHS = "\"Example/Preview Content\"";
				DEVELOPMENT_TEAM = G69L3HCQBT;
				ENABLE_PREVIEWS = YES;
				INFOPLIST_FILE = Example/Info.plist;
				LD_RUNPATH_SEARCH_PATHS = (
					"$(inherited)",
					"@executable_path/Frameworks",
				);
				PRODUCT_BUNDLE_IDENTIFIER = net.alhaider.Example;
				PRODUCT_NAME = "$(TARGET_NAME)";
				SWIFT_VERSION = 5.0;
				TARGETED_DEVICE_FAMILY = "1,2";
			};
			name = Debug;
		};
		CBB61BC424CD27EA004E3B34 /* Release */ = {
			isa = XCBuildConfiguration;
			buildSettings = {
				ASSETCATALOG_COMPILER_APPICON_NAME = AppIcon;
				CODE_SIGN_STYLE = Automatic;
				DEVELOPMENT_ASSET_PATHS = "\"Example/Preview Content\"";
				DEVELOPMENT_TEAM = G69L3HCQBT;
				ENABLE_PREVIEWS = YES;
				INFOPLIST_FILE = Example/Info.plist;
				LD_RUNPATH_SEARCH_PATHS = (
					"$(inherited)",
					"@executable_path/Frameworks",
				);
				PRODUCT_BUNDLE_IDENTIFIER = net.alhaider.Example;
				PRODUCT_NAME = "$(TARGET_NAME)";
				SWIFT_VERSION = 5.0;
				TARGETED_DEVICE_FAMILY = "1,2";
			};
			name = Release;
		};
/* End XCBuildConfiguration section */

/* Begin XCConfigurationList section */
		CBB61BA924CD27E9004E3B34 /* Build configuration list for PBXProject "Example" */ = {
			isa = XCConfigurationList;
			buildConfigurations = (
				CBB61BC024CD27EA004E3B34 /* Debug */,
				CBB61BC124CD27EA004E3B34 /* Release */,
			);
			defaultConfigurationIsVisible = 0;
			defaultConfigurationName = Release;
		};
		CBB61BC224CD27EA004E3B34 /* Build configuration list for PBXNativeTarget "Example" */ = {
			isa = XCConfigurationList;
			buildConfigurations = (
				CBB61BC324CD27EA004E3B34 /* Debug */,
				CBB61BC424CD27EA004E3B34 /* Release */,
			);
			defaultConfigurationIsVisible = 0;
			defaultConfigurationName = Release;
		};
/* End XCConfigurationList section */
	};
	rootObject = CBB61BA624CD27E9004E3B34 /* Project object */;
}
